
Microsoft Visual Studio Solution File, Format Version 12.00
# Visual Studio Version 16
VisualStudioVersion = 16.0.810.19
MinimumVisualStudioVersion = 10.0.40219.1
Project("{FAE04EC0-301F-11D3-BF4B-00C04F79EFBC}") = "ImplicitCoordination", "ImplicitCoordination.csproj", "{E3EB915C-6C21-453C-9133-E7874C50B9FB}"
EndProject
Global
	GlobalSection(SolutionConfigurationPlatforms) = preSolution
		Debug|Any CPU = Debug|Any CPU
		Release|Any CPU = Release|Any CPU
	EndGlobalSection
	GlobalSection(ProjectConfigurationPlatforms) = postSolution
		{E3EB915C-6C21-453C-9133-E7874C50B9FB}.Debug|Any CPU.ActiveCfg = Debug|Any CPU
		{E3EB915C-6C21-453C-9133-E7874C50B9FB}.Debug|Any CPU.Build.0 = Debug|Any CPU
		{E3EB915C-6C21-453C-9133-E7874C50B9FB}.Release|Any CPU.ActiveCfg = Release|Any CPU
		{E3EB915C-6C21-453C-9133-E7874C50B9FB}.Release|Any CPU.Build.0 = Release|Any CPU
	EndGlobalSection
	GlobalSection(SolutionProperties) = preSolution
		HideSolutionNode = FALSE
	EndGlobalSection
	GlobalSection(ExtensibilityGlobals) = postSolution
		SolutionGuid = {0C1B44BF-E131-4299-B932-8E03779E53DC}
	EndGlobalSection
EndGlobal
