
Microsoft Visual Studio Solution File, Format Version 12.00
# Visual Studio Version 16
VisualStudioVersion = 16.0.810.19
MinimumVisualStudioVersion = 10.0.40219.1
Project("{FAE04EC0-301F-11D3-BF4B-00C04F79EFBC}") = "implicit_coordination", "implicit_coordination.csproj", "{4EEEEBEB-97F8-41B8-B92F-2998F17225B0}"
EndProject
Project("{F2A71F9B-5D33-465A-A702-920D77279786}") = "Functional", "Functional\Functional.fsproj", "{09AE62B8-9775-407C-9B08-29EC54435021}"
EndProject
Global
	GlobalSection(SolutionConfigurationPlatforms) = preSolution
		Debug|Any CPU = Debug|Any CPU
		Release|Any CPU = Release|Any CPU
	EndGlobalSection
	GlobalSection(ProjectConfigurationPlatforms) = postSolution
		{4EEEEBEB-97F8-41B8-B92F-2998F17225B0}.Debug|Any CPU.ActiveCfg = Debug|Any CPU
		{4EEEEBEB-97F8-41B8-B92F-2998F17225B0}.Debug|Any CPU.Build.0 = Debug|Any CPU
		{4EEEEBEB-97F8-41B8-B92F-2998F17225B0}.Release|Any CPU.ActiveCfg = Release|Any CPU
		{4EEEEBEB-97F8-41B8-B92F-2998F17225B0}.Release|Any CPU.Build.0 = Release|Any CPU
		{09AE62B8-9775-407C-9B08-29EC54435021}.Debug|Any CPU.ActiveCfg = Debug|Any CPU
		{09AE62B8-9775-407C-9B08-29EC54435021}.Debug|Any CPU.Build.0 = Debug|Any CPU
		{09AE62B8-9775-407C-9B08-29EC54435021}.Release|Any CPU.ActiveCfg = Release|Any CPU
		{09AE62B8-9775-407C-9B08-29EC54435021}.Release|Any CPU.Build.0 = Release|Any CPU
	EndGlobalSection
	GlobalSection(SolutionProperties) = preSolution
		HideSolutionNode = FALSE
	EndGlobalSection
	GlobalSection(ExtensibilityGlobals) = postSolution
		SolutionGuid = {5B2A7DFB-FED0-4ECE-A2AC-A5930AC56347}
	EndGlobalSection
EndGlobal
